
Microsoft Visual Studio Solution File, Format Version 12.00
# Visual Studio 15
VisualStudioVersion = 15.0.28307.489
MinimumVisualStudioVersion = 10.0.40219.1
Project("{FAE04EC0-301F-11D3-BF4B-00C04F79EFBC}") = "ApiGateWay", "ApiGateWay\ApiGateWay.csproj", "{72E36335-67AD-481D-9349-8DB3EFA25AEA}"
EndProject
Project("{FAE04EC0-301F-11D3-BF4B-00C04F79EFBC}") = "ApiAuthorize", "ApiAuthorize\ApiAuthorize.csproj", "{4F09DC0A-3D49-4EEE-9704-4F5812D9B88B}"
EndProject
Project("{FAE04EC0-301F-11D3-BF4B-00C04F79EFBC}") = "API01", "API01\API01.csproj", "{1505A184-3DC3-42BC-925C-5CDBDCEAEFC4}"
EndProject
Project("{9A19103F-16F7-4668-BE54-9A1E7A4F7556}") = "Ocelot.JWTAuthorize", "Ocelot.JWTAuthorize\Ocelot.JWTAuthorize.csproj", "{563EF523-5C56-4A38-981F-349A778EBD16}"
EndProject
Project("{FAE04EC0-301F-11D3-BF4B-00C04F79EFBC}") = "API02", "API02\API02.csproj", "{CA3D0C84-DBA0-4EDF-87AE-95CBE9402C33}"
EndProject
Global
	GlobalSection(SolutionConfigurationPlatforms) = preSolution
		Debug|Any CPU = Debug|Any CPU
		Release|Any CPU = Release|Any CPU
	EndGlobalSection
	GlobalSection(ProjectConfigurationPlatforms) = postSolution
		{72E36335-67AD-481D-9349-8DB3EFA25AEA}.Debug|Any CPU.ActiveCfg = Debug|Any CPU
		{72E36335-67AD-481D-9349-8DB3EFA25AEA}.Debug|Any CPU.Build.0 = Debug|Any CPU
		{72E36335-67AD-481D-9349-8DB3EFA25AEA}.Release|Any CPU.ActiveCfg = Release|Any CPU
		{72E36335-67AD-481D-9349-8DB3EFA25AEA}.Release|Any CPU.Build.0 = Release|Any CPU
		{4F09DC0A-3D49-4EEE-9704-4F5812D9B88B}.Debug|Any CPU.ActiveCfg = Debug|Any CPU
		{4F09DC0A-3D49-4EEE-9704-4F5812D9B88B}.Debug|Any CPU.Build.0 = Debug|Any CPU
		{4F09DC0A-3D49-4EEE-9704-4F5812D9B88B}.Release|Any CPU.ActiveCfg = Release|Any CPU
		{4F09DC0A-3D49-4EEE-9704-4F5812D9B88B}.Release|Any CPU.Build.0 = Release|Any CPU
		{1505A184-3DC3-42BC-925C-5CDBDCEAEFC4}.Debug|Any CPU.ActiveCfg = Debug|Any CPU
		{1505A184-3DC3-42BC-925C-5CDBDCEAEFC4}.Debug|Any CPU.Build.0 = Debug|Any CPU
		{1505A184-3DC3-42BC-925C-5CDBDCEAEFC4}.Release|Any CPU.ActiveCfg = Release|Any CPU
		{1505A184-3DC3-42BC-925C-5CDBDCEAEFC4}.Release|Any CPU.Build.0 = Release|Any CPU
		{563EF523-5C56-4A38-981F-349A778EBD16}.Debug|Any CPU.ActiveCfg = Debug|Any CPU
		{563EF523-5C56-4A38-981F-349A778EBD16}.Debug|Any CPU.Build.0 = Debug|Any CPU
		{563EF523-5C56-4A38-981F-349A778EBD16}.Release|Any CPU.ActiveCfg = Release|Any CPU
		{563EF523-5C56-4A38-981F-349A778EBD16}.Release|Any CPU.Build.0 = Release|Any CPU
		{CA3D0C84-DBA0-4EDF-87AE-95CBE9402C33}.Debug|Any CPU.ActiveCfg = Debug|Any CPU
		{CA3D0C84-DBA0-4EDF-87AE-95CBE9402C33}.Debug|Any CPU.Build.0 = Debug|Any CPU
		{CA3D0C84-DBA0-4EDF-87AE-95CBE9402C33}.Release|Any CPU.ActiveCfg = Release|Any CPU
		{CA3D0C84-DBA0-4EDF-87AE-95CBE9402C33}.Release|Any CPU.Build.0 = Release|Any CPU
	EndGlobalSection
	GlobalSection(SolutionProperties) = preSolution
		HideSolutionNode = FALSE
	EndGlobalSection
	GlobalSection(ExtensibilityGlobals) = postSolution
		SolutionGuid = {CAE049C8-A93C-4E0B-8E29-DBE14B24E30D}
	EndGlobalSection
EndGlobal
